
Microsoft Visual Studio Solution File, Format Version 11.00
# Visual Studio 2010
Project("{FAE04EC0-301F-11D3-BF4B-00C04F79EFBC}") = "DOCUMENTACION", "DOCUMENTACION\DOCUMENTACION.csproj", "{7498425E-213E-4B91-9B07-5002464DD943}"
EndProject
Project("{54435603-DBB4-11D2-8724-00A0C9A8B90C}") = "Documentacón", "Documentacón\Documentacón.vdproj", "{32397089-CFDB-4A6F-A113-E4E3291E85CC}"
EndProject
Global
	GlobalSection(SolutionConfigurationPlatforms) = preSolution
		CD_ROM|Any CPU = CD_ROM|Any CPU
		CD_ROM|Mixed Platforms = CD_ROM|Mixed Platforms
		CD_ROM|x86 = CD_ROM|x86
		Debug|Any CPU = Debug|Any CPU
		Debug|Mixed Platforms = Debug|Mixed Platforms
		Debug|x86 = Debug|x86
		DVD-5|Any CPU = DVD-5|Any CPU
		DVD-5|Mixed Platforms = DVD-5|Mixed Platforms
		DVD-5|x86 = DVD-5|x86
		Release|Any CPU = Release|Any CPU
		Release|Mixed Platforms = Release|Mixed Platforms
		Release|x86 = Release|x86
		SingleImage|Any CPU = SingleImage|Any CPU
		SingleImage|Mixed Platforms = SingleImage|Mixed Platforms
		SingleImage|x86 = SingleImage|x86
	EndGlobalSection
	GlobalSection(ProjectConfigurationPlatforms) = postSolution
		{7498425E-213E-4B91-9B07-5002464DD943}.CD_ROM|Any CPU.ActiveCfg = Release|x86
		{7498425E-213E-4B91-9B07-5002464DD943}.CD_ROM|Mixed Platforms.ActiveCfg = Release|x86
		{7498425E-213E-4B91-9B07-5002464DD943}.CD_ROM|Mixed Platforms.Build.0 = Release|x86
		{7498425E-213E-4B91-9B07-5002464DD943}.CD_ROM|x86.ActiveCfg = Release|x86
		{7498425E-213E-4B91-9B07-5002464DD943}.CD_ROM|x86.Build.0 = Release|x86
		{7498425E-213E-4B91-9B07-5002464DD943}.Debug|Any CPU.ActiveCfg = Debug|x86
		{7498425E-213E-4B91-9B07-5002464DD943}.Debug|Mixed Platforms.ActiveCfg = Debug|x86
		{7498425E-213E-4B91-9B07-5002464DD943}.Debug|Mixed Platforms.Build.0 = Debug|x86
		{7498425E-213E-4B91-9B07-5002464DD943}.Debug|x86.ActiveCfg = Debug|x86
		{7498425E-213E-4B91-9B07-5002464DD943}.Debug|x86.Build.0 = Debug|x86
		{7498425E-213E-4B91-9B07-5002464DD943}.DVD-5|Any CPU.ActiveCfg = Debug|x86
		{7498425E-213E-4B91-9B07-5002464DD943}.DVD-5|Mixed Platforms.ActiveCfg = Debug|x86
		{7498425E-213E-4B91-9B07-5002464DD943}.DVD-5|Mixed Platforms.Build.0 = Debug|x86
		{7498425E-213E-4B91-9B07-5002464DD943}.DVD-5|x86.ActiveCfg = Debug|x86
		{7498425E-213E-4B91-9B07-5002464DD943}.DVD-5|x86.Build.0 = Debug|x86
		{7498425E-213E-4B91-9B07-5002464DD943}.Release|Any CPU.ActiveCfg = Release|x86
		{7498425E-213E-4B91-9B07-5002464DD943}.Release|Mixed Platforms.ActiveCfg = Release|x86
		{7498425E-213E-4B91-9B07-5002464DD943}.Release|Mixed Platforms.Build.0 = Release|x86
		{7498425E-213E-4B91-9B07-5002464DD943}.Release|x86.ActiveCfg = Release|x86
		{7498425E-213E-4B91-9B07-5002464DD943}.Release|x86.Build.0 = Release|x86
		{7498425E-213E-4B91-9B07-5002464DD943}.SingleImage|Any CPU.ActiveCfg = Release|x86
		{7498425E-213E-4B91-9B07-5002464DD943}.SingleImage|Mixed Platforms.ActiveCfg = Release|x86
		{7498425E-213E-4B91-9B07-5002464DD943}.SingleImage|Mixed Platforms.Build.0 = Release|x86
		{7498425E-213E-4B91-9B07-5002464DD943}.SingleImage|x86.ActiveCfg = Release|x86
		{7498425E-213E-4B91-9B07-5002464DD943}.SingleImage|x86.Build.0 = Release|x86
		{32397089-CFDB-4A6F-A113-E4E3291E85CC}.CD_ROM|Any CPU.ActiveCfg = Release
		{32397089-CFDB-4A6F-A113-E4E3291E85CC}.CD_ROM|Mixed Platforms.ActiveCfg = Release
		{32397089-CFDB-4A6F-A113-E4E3291E85CC}.CD_ROM|x86.ActiveCfg = Release
		{32397089-CFDB-4A6F-A113-E4E3291E85CC}.Debug|Any CPU.ActiveCfg = Debug
		{32397089-CFDB-4A6F-A113-E4E3291E85CC}.Debug|Mixed Platforms.ActiveCfg = Debug
		{32397089-CFDB-4A6F-A113-E4E3291E85CC}.Debug|x86.ActiveCfg = Debug
		{32397089-CFDB-4A6F-A113-E4E3291E85CC}.DVD-5|Any CPU.ActiveCfg = Debug
		{32397089-CFDB-4A6F-A113-E4E3291E85CC}.DVD-5|Mixed Platforms.ActiveCfg = Debug
		{32397089-CFDB-4A6F-A113-E4E3291E85CC}.DVD-5|x86.ActiveCfg = Debug
		{32397089-CFDB-4A6F-A113-E4E3291E85CC}.Release|Any CPU.ActiveCfg = Release
		{32397089-CFDB-4A6F-A113-E4E3291E85CC}.Release|Mixed Platforms.ActiveCfg = Release
		{32397089-CFDB-4A6F-A113-E4E3291E85CC}.Release|x86.ActiveCfg = Release
		{32397089-CFDB-4A6F-A113-E4E3291E85CC}.SingleImage|Any CPU.ActiveCfg = Release
		{32397089-CFDB-4A6F-A113-E4E3291E85CC}.SingleImage|Mixed Platforms.ActiveCfg = Release
		{32397089-CFDB-4A6F-A113-E4E3291E85CC}.SingleImage|x86.ActiveCfg = Release
	EndGlobalSection
	GlobalSection(SolutionProperties) = preSolution
		HideSolutionNode = FALSE
	EndGlobalSection
EndGlobal
